
Microsoft Visual Studio Solution File, Format Version 12.00
# Visual Studio 2013
VisualStudioVersion = 12.0.40629.0
MinimumVisualStudioVersion = 10.0.40219.1
Project("{FAE04EC0-301F-11D3-BF4B-00C04F79EFBC}") = "Taskever.Web.Mvc", "Taskever.Web.Mvc\Taskever.Web.Mvc.csproj", "{1C9F50A2-50B5-43D6-A9A4-B130605B0D48}"
EndProject
Project("{FAE04EC0-301F-11D3-BF4B-00C04F79EFBC}") = "Taskever", "Taskever\Taskever.csproj", "{14754E90-96E2-4C25-AB71-B946ADE21163}"
EndProject
Project("{FAE04EC0-301F-11D3-BF4B-00C04F79EFBC}") = "Taskever.Application", "Taskever.Application\Taskever.Application.csproj", "{7A28A996-B52E-422D-B7EE-FC20B5C8C9D4}"
EndProject
Project("{FAE04EC0-301F-11D3-BF4B-00C04F79EFBC}") = "Taskever.Infrastructure.EntityFramework", "Taskever.Infrastructure.EntityFramework\Taskever.Infrastructure.EntityFramework.csproj", "{8A7DF1A0-5EF4-467A-AF01-50391F958E57}"
EndProject
Project("{FAE04EC0-301F-11D3-BF4B-00C04F79EFBC}") = "Taskever.Web.Api", "Taskever.Web.Api\Taskever.Web.Api.csproj", "{0C8B3E9F-3BA5-4F0C-A6F2-9436EC8314B5}"
EndProject
Project("{FAE04EC0-301F-11D3-BF4B-00C04F79EFBC}") = "Taskever.Tests", "Tests\Taskever.Tests\Taskever.Tests.csproj", "{A0C094F1-E882-4278-8020-251295442D5C}"
EndProject
Global
	GlobalSection(SolutionConfigurationPlatforms) = preSolution
		Debug|Any CPU = Debug|Any CPU
		Release|Any CPU = Release|Any CPU
	EndGlobalSection
	GlobalSection(ProjectConfigurationPlatforms) = postSolution
		{1C9F50A2-50B5-43D6-A9A4-B130605B0D48}.Debug|Any CPU.ActiveCfg = Debug|Any CPU
		{1C9F50A2-50B5-43D6-A9A4-B130605B0D48}.Debug|Any CPU.Build.0 = Debug|Any CPU
		{1C9F50A2-50B5-43D6-A9A4-B130605B0D48}.Release|Any CPU.ActiveCfg = Release|Any CPU
		{1C9F50A2-50B5-43D6-A9A4-B130605B0D48}.Release|Any CPU.Build.0 = Release|Any CPU
		{14754E90-96E2-4C25-AB71-B946ADE21163}.Debug|Any CPU.ActiveCfg = Debug|Any CPU
		{14754E90-96E2-4C25-AB71-B946ADE21163}.Debug|Any CPU.Build.0 = Debug|Any CPU
		{14754E90-96E2-4C25-AB71-B946ADE21163}.Release|Any CPU.ActiveCfg = Release|Any CPU
		{14754E90-96E2-4C25-AB71-B946ADE21163}.Release|Any CPU.Build.0 = Release|Any CPU
		{7A28A996-B52E-422D-B7EE-FC20B5C8C9D4}.Debug|Any CPU.ActiveCfg = Debug|Any CPU
		{7A28A996-B52E-422D-B7EE-FC20B5C8C9D4}.Debug|Any CPU.Build.0 = Debug|Any CPU
		{7A28A996-B52E-422D-B7EE-FC20B5C8C9D4}.Release|Any CPU.ActiveCfg = Release|Any CPU
		{7A28A996-B52E-422D-B7EE-FC20B5C8C9D4}.Release|Any CPU.Build.0 = Release|Any CPU
		{8A7DF1A0-5EF4-467A-AF01-50391F958E57}.Debug|Any CPU.ActiveCfg = Debug|Any CPU
		{8A7DF1A0-5EF4-467A-AF01-50391F958E57}.Debug|Any CPU.Build.0 = Debug|Any CPU
		{8A7DF1A0-5EF4-467A-AF01-50391F958E57}.Release|Any CPU.ActiveCfg = Release|Any CPU
		{8A7DF1A0-5EF4-467A-AF01-50391F958E57}.Release|Any CPU.Build.0 = Release|Any CPU
		{0C8B3E9F-3BA5-4F0C-A6F2-9436EC8314B5}.Debug|Any CPU.ActiveCfg = Debug|Any CPU
		{0C8B3E9F-3BA5-4F0C-A6F2-9436EC8314B5}.Debug|Any CPU.Build.0 = Debug|Any CPU
		{0C8B3E9F-3BA5-4F0C-A6F2-9436EC8314B5}.Release|Any CPU.ActiveCfg = Release|Any CPU
		{0C8B3E9F-3BA5-4F0C-A6F2-9436EC8314B5}.Release|Any CPU.Build.0 = Release|Any CPU
		{A0C094F1-E882-4278-8020-251295442D5C}.Debug|Any CPU.ActiveCfg = Debug|Any CPU
		{A0C094F1-E882-4278-8020-251295442D5C}.Debug|Any CPU.Build.0 = Debug|Any CPU
		{A0C094F1-E882-4278-8020-251295442D5C}.Release|Any CPU.ActiveCfg = Release|Any CPU
		{A0C094F1-E882-4278-8020-251295442D5C}.Release|Any CPU.Build.0 = Release|Any CPU
	EndGlobalSection
	GlobalSection(SolutionProperties) = preSolution
		HideSolutionNode = FALSE
	EndGlobalSection
EndGlobal
